PODS:
  - ChameleonFramework/Default (2.1.0)
  - ChameleonFramework/Swift (2.1.0):
    - ChameleonFramework/Default
  - Realm (3.20.0):
    - Realm/Headers (= 3.20.0)
  - Realm/Headers (3.20.0)
  - RealmSwift (3.20.0):
    - Realm (= 3.20.0)
  - SwipeCellKit (2.7.1)

DEPENDENCIES:
  - ChameleonFramework/Swift (from `https://github.com/ViccAlexander/Chameleon.git`)
  - RealmSwift
  - SwipeCellKit

SPEC REPOS:
  trunk:
    - Realm
    - RealmSwift
    - SwipeCellKit

EXTERNAL SOURCES:
  ChameleonFramework:
    :git: https://github.com/ViccAlexander/Chameleon.git

CHECKOUT OPTIONS:
  ChameleonFramework:
    :commit: 6dd284bde21ea2e7f9fd89bc36f40df16e16369d
    :git: https://github.com/ViccAlexander/Chameleon.git

SPEC CHECKSUMS:
  ChameleonFramework: d21a3cc247abfe5e37609a283a8238b03575cf64
  Realm: 8b2ca5bc6479a91f379b6b42b5922e396cd5ba5a
  RealmSwift: 1949ef26a279e1845bd51d591b9103adfcd121df
  SwipeCellKit: 3972254a826da74609926daf59b08d6c72e619ea

PODFILE CHECKSUM: 028d5598cc8dea14ccdc961c2c806b339327f90d

COCOAPODS: 1.8.3
