// !$*UTF8*$!
{
	archiveVersion = 1;
	classes = {
	};
	objectVersion = 50;
	objects = {

/* Begin PBXBuildFile section */
		A062EF832363043800E73C84 /* CategoryViewController.swift in Sources */ = {isa = PBXBuildFile; fileRef = A062EF822363043800E73C84 /* CategoryViewController.swift */; };
		A0B7674723607887000A300D /* DataModel.xcdatamodeld in Sources */ = {isa = PBXBuildFile; fileRef = A0B7674523607887000A300D /* DataModel.xcdatamodeld */; };
		A0F9A3F6235F10E400D0887D /* AppDelegate.swift in Sources */ = {isa = PBXBuildFile; fileRef = A0F9A3F5235F10E400D0887D /* AppDelegate.swift */; };
		A0F9A3F8235F10E400D0887D /* SceneDelegate.swift in Sources */ = {isa = PBXBuildFile; fileRef = A0F9A3F7235F10E400D0887D /* SceneDelegate.swift */; };
		A0F9A3FA235F10E400D0887D /* TodoListViewController.swift in Sources */ = {isa = PBXBuildFile; fileRef = A0F9A3F9235F10E400D0887D /* TodoListViewController.swift */; };
		A0F9A3FD235F10E400D0887D /* Main.storyboard in Resources */ = {isa = PBXBuildFile; fileRef = A0F9A3FB235F10E400D0887D /* Main.storyboard */; };
		A0F9A3FF235F10E500D0887D /* Assets.xcassets in Resources */ = {isa = PBXBuildFile; fileRef = A0F9A3FE235F10E500D0887D /* Assets.xcassets */; };
		A0F9A402235F10E500D0887D /* LaunchScreen.storyboard in Resources */ = {isa = PBXBuildFile; fileRef = A0F9A400235F10E500D0887D /* LaunchScreen.storyboard */; };
		F0E11B2840E6310B6A59D525 /* Pods_ToDo.framework in Frameworks */ = {isa = PBXBuildFile; fileRef = A9CD998C02FCCF18F05864F2 /* Pods_ToDo.framework */; };
/* End PBXBuildFile section */

/* Begin PBXFileReference section */
		8A50B1320A94A8A7DBAB3D1C /* Pods-ToDo.debug.xcconfig */ = {isa = PBXFileReference; includeInIndex = 1; lastKnownFileType = text.xcconfig; name = "Pods-ToDo.debug.xcconfig"; path = "Target Support Files/Pods-ToDo/Pods-ToDo.debug.xcconfig"; sourceTree = "<group>"; };
		9233BDF40D15040ABC3E2662 /* Pods-ToDo.release.xcconfig */ = {isa = PBXFileReference; includeInIndex = 1; lastKnownFileType = text.xcconfig; name = "Pods-ToDo.release.xcconfig"; path = "Target Support Files/Pods-ToDo/Pods-ToDo.release.xcconfig"; sourceTree = "<group>"; };
		A062EF822363043800E73C84 /* CategoryViewController.swift */ = {isa = PBXFileReference; lastKnownFileType = sourcecode.swift; path = CategoryViewController.swift; sourceTree = "<group>"; };
		A0B7674623607887000A300D /* DataModel.xcdatamodel */ = {isa = PBXFileReference; lastKnownFileType = wrapper.xcdatamodel; path = DataModel.xcdatamodel; sourceTree = "<group>"; };
		A0F9A3F2235F10E400D0887D /* ToDo.app */ = {isa = PBXFileReference; explicitFileType = wrapper.application; includeInIndex = 0; path = ToDo.app; sourceTree = BUILT_PRODUCTS_DIR; };
		A0F9A3F5235F10E400D0887D /* AppDelegate.swift */ = {isa = PBXFileReference; lastKnownFileType = sourcecode.swift; path = AppDelegate.swift; sourceTree = "<group>"; };
		A0F9A3F7235F10E400D0887D /* SceneDelegate.swift */ = {isa = PBXFileReference; lastKnownFileType = sourcecode.swift; path = SceneDelegate.swift; sourceTree = "<group>"; };
		A0F9A3F9235F10E400D0887D /* TodoListViewController.swift */ = {isa = PBXFileReference; lastKnownFileType = sourcecode.swift; path = TodoListViewController.swift; sourceTree = "<group>"; };
		A0F9A3FC235F10E400D0887D /* Base */ = {isa = PBXFileReference; lastKnownFileType = file.storyboard; name = Base; path = Base.lproj/Main.storyboard; sourceTree = "<group>"; };
		A0F9A3FE235F10E500D0887D /* Assets.xcassets */ = {isa = PBXFileReference; lastKnownFileType = folder.assetcatalog; path = Assets.xcassets; sourceTree = "<group>"; };
		A0F9A401235F10E500D0887D /* Base */ = {isa = PBXFileReference; lastKnownFileType = file.storyboard; name = Base; path = Base.lproj/LaunchScreen.storyboard; sourceTree = "<group>"; };
		A0F9A403235F10E500D0887D /* Info.plist */ = {isa = PBXFileReference; lastKnownFileType = text.plist.xml; path = Info.plist; sourceTree = "<group>"; };
		A9CD998C02FCCF18F05864F2 /* Pods_ToDo.framework */ = {isa = PBXFileReference; explicitFileType = wrapper.framework; includeInIndex = 0; path = Pods_ToDo.framework; sourceTree = BUILT_PRODUCTS_DIR; };
/* End PBXFileReference section */

/* Begin PBXFrameworksBuildPhase section */
		A0F9A3EF235F10E400D0887D /* Frameworks */ = {
			isa = PBXFrameworksBuildPhase;
			buildActionMask = 2147483647;
			files = (
				F0E11B2840E6310B6A59D525 /* Pods_ToDo.framework in Frameworks */,
			);
			runOnlyForDeploymentPostprocessing = 0;
		};
/* End PBXFrameworksBuildPhase section */

/* Begin PBXGroup section */
		A0F9A3E9235F10E400D0887D = {
			isa = PBXGroup;
			children = (
				A0F9A3F4235F10E400D0887D /* ToDo */,
				A0F9A3F3235F10E400D0887D /* Products */,
				D69690DC8721C4A27E3A0CD8 /* Pods */,
				F034378B2FC01579322CFA48 /* Frameworks */,
			);
			sourceTree = "<group>";
		};
		A0F9A3F3235F10E400D0887D /* Products */ = {
			isa = PBXGroup;
			children = (
				A0F9A3F2235F10E400D0887D /* ToDo.app */,
			);
			name = Products;
			sourceTree = "<group>";
		};
		A0F9A3F4235F10E400D0887D /* ToDo */ = {
			isa = PBXGroup;
			children = (
				A0F9A3F5235F10E400D0887D /* AppDelegate.swift */,
				A0F9A3F7235F10E400D0887D /* SceneDelegate.swift */,
				A0F9A40C235F5AF200D0887D /* Controllers */,
				A0F9A40B235F5AB700D0887D /* Data Model */,
				A0F9A40D235F5B2100D0887D /* Views */,
				A0F9A40E235F5B6B00D0887D /* Supporting Files */,
				A0F9A403235F10E500D0887D /* Info.plist */,
			);
			path = ToDo;
			sourceTree = "<group>";
		};
		A0F9A40B235F5AB700D0887D /* Data Model */ = {
			isa = PBXGroup;
			children = (
				A0B7674523607887000A300D /* DataModel.xcdatamodeld */,
			);
			path = "Data Model";
			sourceTree = "<group>";
		};
		A0F9A40C235F5AF200D0887D /* Controllers */ = {
			isa = PBXGroup;
			children = (
				A062EF822363043800E73C84 /* CategoryViewController.swift */,
				A0F9A3F9235F10E400D0887D /* TodoListViewController.swift */,
			);
			path = Controllers;
			sourceTree = "<group>";
		};
		A0F9A40D235F5B2100D0887D /* Views */ = {
			isa = PBXGroup;
			children = (
				A0F9A3FB235F10E400D0887D /* Main.storyboard */,
			);
			path = Views;
			sourceTree = "<group>";
		};
		A0F9A40E235F5B6B00D0887D /* Supporting Files */ = {
			isa = PBXGroup;
			children = (
				A0F9A3FE235F10E500D0887D /* Assets.xcassets */,
				A0F9A400235F10E500D0887D /* LaunchScreen.storyboard */,
			);
			path = "Supporting Files";
			sourceTree = "<group>";
		};
		D69690DC8721C4A27E3A0CD8 /* Pods */ = {
			isa = PBXGroup;
			children = (
				8A50B1320A94A8A7DBAB3D1C /* Pods-ToDo.debug.xcconfig */,
				9233BDF40D15040ABC3E2662 /* Pods-ToDo.release.xcconfig */,
			);
			name = Pods;
			path = Pods;
			sourceTree = "<group>";
		};
		F034378B2FC01579322CFA48 /* Frameworks */ = {
			isa = PBXGroup;
			children = (
				A9CD998C02FCCF18F05864F2 /* Pods_ToDo.framework */,
			);
			name = Frameworks;
			sourceTree = "<group>";
		};
/* End PBXGroup section */

/* Begin PBXNativeTarget section */
		A0F9A3F1235F10E400D0887D /* ToDo */ = {
			isa = PBXNativeTarget;
			buildConfigurationList = A0F9A406235F10E500D0887D /* Build configuration list for PBXNativeTarget "ToDo" */;
			buildPhases = (
				5C0E23782826F42A86DC5455 /* [CP] Check Pods Manifest.lock */,
				A0F9A3EE235F10E400D0887D /* Sources */,
				A0F9A3EF235F10E400D0887D /* Frameworks */,
				A0F9A3F0235F10E400D0887D /* Resources */,
				EEFC2F0FF22F1113887179A8 /* [CP] Embed Pods Frameworks */,
			);
			buildRules = (
			);
			dependencies = (
			);
			name = ToDo;
			productName = ToDo;
			productReference = A0F9A3F2235F10E400D0887D /* ToDo.app */;
			productType = "com.apple.product-type.application";
		};
/* End PBXNativeTarget section */

/* Begin PBXProject section */
		A0F9A3EA235F10E400D0887D /* Project object */ = {
			isa = PBXProject;
			attributes = {
				LastSwiftUpdateCheck = 1110;
				LastUpgradeCheck = 1110;
				ORGANIZATIONNAME = Patalin;
				TargetAttributes = {
					A0F9A3F1235F10E400D0887D = {
						CreatedOnToolsVersion = 11.1;
					};
				};
			};
			buildConfigurationList = A0F9A3ED235F10E400D0887D /* Build configuration list for PBXProject "ToDo" */;
			compatibilityVersion = "Xcode 9.3";
			developmentRegion = en;
			hasScannedForEncodings = 0;
			knownRegions = (
				en,
				Base,
			);
			mainGroup = A0F9A3E9235F10E400D0887D;
			productRefGroup = A0F9A3F3235F10E400D0887D /* Products */;
			projectDirPath = "";
			projectRoot = "";
			targets = (
				A0F9A3F1235F10E400D0887D /* ToDo */,
			);
		};
/* End PBXProject section */

/* Begin PBXResourcesBuildPhase section */
		A0F9A3F0235F10E400D0887D /* Resources */ = {
			isa = PBXResourcesBuildPhase;
			buildActionMask = 2147483647;
			files = (
				A0F9A402235F10E500D0887D /* LaunchScreen.storyboard in Resources */,
				A0F9A3FF235F10E500D0887D /* Assets.xcassets in Resources */,
				A0F9A3FD235F10E400D0887D /* Main.storyboard in Resources */,
			);
			runOnlyForDeploymentPostprocessing = 0;
		};
/* End PBXResourcesBuildPhase section */

/* Begin PBXShellScriptBuildPhase section */
		5C0E23782826F42A86DC5455 /* [CP] Check Pods Manifest.lock */ = {
			isa = PBXShellScriptBuildPhase;
			buildActionMask = 2147483647;
			files = (
			);
			inputFileListPaths = (
			);
			inputPaths = (
				"${PODS_PODFILE_DIR_PATH}/Podfile.lock",
				"${PODS_ROOT}/Manifest.lock",
			);
			name = "[CP] Check Pods Manifest.lock";
			outputFileListPaths = (
			);
			outputPaths = (
				"$(DERIVED_FILE_DIR)/Pods-ToDo-checkManifestLockResult.txt",
			);
			runOnlyForDeploymentPostprocessing = 0;
			shellPath = /bin/sh;
			shellScript = "diff \"${PODS_PODFILE_DIR_PATH}/Podfile.lock\" \"${PODS_ROOT}/Manifest.lock\" > /dev/null\nif [ $? != 0 ] ; then\n    # print error to STDERR\n    echo \"error: The sandbox is not in sync with the Podfile.lock. Run 'pod install' or update your CocoaPods installation.\" >&2\n    exit 1\nfi\n# This output is used by Xcode 'outputs' to avoid re-running this script phase.\necho \"SUCCESS\" > \"${SCRIPT_OUTPUT_FILE_0}\"\n";
			showEnvVarsInLog = 0;
		};
		EEFC2F0FF22F1113887179A8 /* [CP] Embed Pods Frameworks */ = {
			isa = PBXShellScriptBuildPhase;
			buildActionMask = 2147483647;
			files = (
			);
			inputFileListPaths = (
				"${PODS_ROOT}/Target Support Files/Pods-ToDo/Pods-ToDo-frameworks-${CONFIGURATION}-input-files.xcfilelist",
			);
			name = "[CP] Embed Pods Frameworks";
			outputFileListPaths = (
				"${PODS_ROOT}/Target Support Files/Pods-ToDo/Pods-ToDo-frameworks-${CONFIGURATION}-output-files.xcfilelist",
			);
			runOnlyForDeploymentPostprocessing = 0;
			shellPath = /bin/sh;
			shellScript = "\"${PODS_ROOT}/Target Support Files/Pods-ToDo/Pods-ToDo-frameworks.sh\"\n";
			showEnvVarsInLog = 0;
		};
/* End PBXShellScriptBuildPhase section */

/* Begin PBXSourcesBuildPhase section */
		A0F9A3EE235F10E400D0887D /* Sources */ = {
			isa = PBXSourcesBuildPhase;
			buildActionMask = 2147483647;
			files = (
				A062EF832363043800E73C84 /* CategoryViewController.swift in Sources */,
				A0B7674723607887000A300D /* DataModel.xcdatamodeld in Sources */,
				A0F9A3FA235F10E400D0887D /* TodoListViewController.swift in Sources */,
				A0F9A3F6235F10E400D0887D /* AppDelegate.swift in Sources */,
				A0F9A3F8235F10E400D0887D /* SceneDelegate.swift in Sources */,
			);
			runOnlyForDeploymentPostprocessing = 0;
		};
/* End PBXSourcesBuildPhase section */

/* Begin PBXVariantGroup section */
		A0F9A3FB235F10E400D0887D /* Main.storyboard */ = {
			isa = PBXVariantGroup;
			children = (
				A0F9A3FC235F10E400D0887D /* Base */,
			);
			name = Main.storyboard;
			sourceTree = "<group>";
		};
		A0F9A400235F10E500D0887D /* LaunchScreen.storyboard */ = {
			isa = PBXVariantGroup;
			children = (
				A0F9A401235F10E500D0887D /* Base */,
			);
			name = LaunchScreen.storyboard;
			sourceTree = "<group>";
		};
/* End PBXVariantGroup section */

/* Begin XCBuildConfiguration section */
		A0F9A404235F10E500D0887D /* Debug */ = {
			isa = XCBuildConfiguration;
			buildSettings = {
				ALWAYS_SEARCH_USER_PATHS = NO;
				CLANG_ANALYZER_NONNULL = YES;
				CLANG_ANALYZER_NUMBER_OBJECT_CONVERSION = YES_AGGRESSIVE;
				CLANG_CXX_LANGUAGE_STANDARD = "gnu++14";
				CLANG_CXX_LIBRARY = "libc++";
				CLANG_ENABLE_MODULES = YES;
				CLANG_ENABLE_OBJC_ARC = YES;
				CLANG_ENABLE_OBJC_WEAK = YES;
				CLANG_WARN_BLOCK_CAPTURE_AUTORELEASING = YES;
				CLANG_WARN_BOOL_CONVERSION = YES;
				CLANG_WARN_COMMA = YES;
				CLANG_WARN_CONSTANT_CONVERSION = YES;
				CLANG_WARN_DEPRECATED_OBJC_IMPLEMENTATIONS = YES;
				CLANG_WARN_DIRECT_OBJC_ISA_USAGE = YES_ERROR;
				CLANG_WARN_DOCUMENTATION_COMMENTS = YES;
				CLANG_WARN_EMPTY_BODY = YES;
				CLANG_WARN_ENUM_CONVERSION = YES;
				CLANG_WARN_INFINITE_RECURSION = YES;
				CLANG_WARN_INT_CONVERSION = YES;
				CLANG_WARN_NON_LITERAL_NULL_CONVERSION = YES;
				CLANG_WARN_OBJC_IMPLICIT_RETAIN_SELF = YES;
				CLANG_WARN_OBJC_LITERAL_CONVERSION = YES;
				CLANG_WARN_OBJC_ROOT_CLASS = YES_ERROR;
				CLANG_WARN_RANGE_LOOP_ANALYSIS = YES;
				CLANG_WARN_STRICT_PROTOTYPES = YES;
				CLANG_WARN_SUSPICIOUS_MOVE = YES;
				CLANG_WARN_UNGUARDED_AVAILABILITY = YES_AGGRESSIVE;
				CLANG_WARN_UNREACHABLE_CODE = YES;
				CLANG_WARN__DUPLICATE_METHOD_MATCH = YES;
				COPY_PHASE_STRIP = NO;
				DEBUG_INFORMATION_FORMAT = dwarf;
				ENABLE_STRICT_OBJC_MSGSEND = YES;
				ENABLE_TESTABILITY = YES;
				GCC_C_LANGUAGE_STANDARD = gnu11;
				GCC_DYNAMIC_NO_PIC = NO;
				GCC_NO_COMMON_BLOCKS = YES;
				GCC_OPTIMIZATION_LEVEL = 0;
				GCC_PREPROCESSOR_DEFINITIONS = (
					"DEBUG=1",
					"$(inherited)",
				);
				GCC_WARN_64_TO_32_BIT_CONVERSION = YES;
				GCC_WARN_ABOUT_RETURN_TYPE = YES_ERROR;
				GCC_WARN_UNDECLARED_SELECTOR = YES;
				GCC_WARN_UNINITIALIZED_AUTOS = YES_AGGRESSIVE;
				GCC_WARN_UNUSED_FUNCTION = YES;
				GCC_WARN_UNUSED_VARIABLE = YES;
				IPHONEOS_DEPLOYMENT_TARGET = 13.1;
				MTL_ENABLE_DEBUG_INFO = INCLUDE_SOURCE;
				MTL_FAST_MATH = YES;
				ONLY_ACTIVE_ARCH = YES;
				SDKROOT = iphoneos;
				SWIFT_ACTIVE_COMPILATION_CONDITIONS = DEBUG;
				SWIFT_OPTIMIZATION_LEVEL = "-Onone";
			};
			name = Debug;
		};
		A0F9A405235F10E500D0887D /* Release */ = {
			isa = XCBuildConfiguration;
			buildSettings = {
				ALWAYS_SEARCH_USER_PATHS = NO;
				CLANG_ANALYZER_NONNULL = YES;
				CLANG_ANALYZER_NUMBER_OBJECT_CONVERSION = YES_AGGRESSIVE;
				CLANG_CXX_LANGUAGE_STANDARD = "gnu++14";
				CLANG_CXX_LIBRARY = "libc++";
				CLANG_ENABLE_MODULES = YES;
				CLANG_ENABLE_OBJC_ARC = YES;
				CLANG_ENABLE_OBJC_WEAK = YES;
				CLANG_WARN_BLOCK_CAPTURE_AUTORELEASING = YES;
				CLANG_WARN_BOOL_CONVERSION = YES;
				CLANG_WARN_COMMA = YES;
				CLANG_WARN_CONSTANT_CONVERSION = YES;
				CLANG_WARN_DEPRECATED_OBJC_IMPLEMENTATIONS = YES;
				CLANG_WARN_DIRECT_OBJC_ISA_USAGE = YES_ERROR;
				CLANG_WARN_DOCUMENTATION_COMMENTS = YES;
				CLANG_WARN_EMPTY_BODY = YES;
				CLANG_WARN_ENUM_CONVERSION = YES;
				CLANG_WARN_INFINITE_RECURSION = YES;
				CLANG_WARN_INT_CONVERSION = YES;
				CLANG_WARN_NON_LITERAL_NULL_CONVERSION = YES;
				CLANG_WARN_OBJC_IMPLICIT_RETAIN_SELF = YES;
				CLANG_WARN_OBJC_LITERAL_CONVERSION = YES;
				CLANG_WARN_OBJC_ROOT_CLASS = YES_ERROR;
				CLANG_WARN_RANGE_LOOP_ANALYSIS = YES;
				CLANG_WARN_STRICT_PROTOTYPES = YES;
				CLANG_WARN_SUSPICIOUS_MOVE = YES;
				CLANG_WARN_UNGUARDED_AVAILABILITY = YES_AGGRESSIVE;
				CLANG_WARN_UNREACHABLE_CODE = YES;
				CLANG_WARN__DUPLICATE_METHOD_MATCH = YES;
				COPY_PHASE_STRIP = NO;
				DEBUG_INFORMATION_FORMAT = "dwarf-with-dsym";
				ENABLE_NS_ASSERTIONS = NO;
				ENABLE_STRICT_OBJC_MSGSEND = YES;
				GCC_C_LANGUAGE_STANDARD = gnu11;
				GCC_NO_COMMON_BLOCKS = YES;
				GCC_WARN_64_TO_32_BIT_CONVERSION = YES;
				GCC_WARN_ABOUT_RETURN_TYPE = YES_ERROR;
				GCC_WARN_UNDECLARED_SELECTOR = YES;
				GCC_WARN_UNINITIALIZED_AUTOS = YES_AGGRESSIVE;
				GCC_WARN_UNUSED_FUNCTION = YES;
				GCC_WARN_UNUSED_VARIABLE = YES;
				IPHONEOS_DEPLOYMENT_TARGET = 13.1;
				MTL_ENABLE_DEBUG_INFO = NO;
				MTL_FAST_MATH = YES;
				SDKROOT = iphoneos;
				SWIFT_COMPILATION_MODE = wholemodule;
				SWIFT_OPTIMIZATION_LEVEL = "-O";
				VALIDATE_PRODUCT = YES;
			};
			name = Release;
		};
		A0F9A407235F10E500D0887D /* Debug */ = {
			isa = XCBuildConfiguration;
			baseConfigurationReference = 8A50B1320A94A8A7DBAB3D1C /* Pods-ToDo.debug.xcconfig */;
			buildSettings = {
				ASSETCATALOG_COMPILER_APPICON_NAME = AppIcon;
				CODE_SIGN_STYLE = Automatic;
				DEVELOPMENT_TEAM = SW2SQVJ73C;
				INFOPLIST_FILE = ToDo/Info.plist;
				LD_RUNPATH_SEARCH_PATHS = (
					"$(inherited)",
					"@executable_path/Frameworks",
				);
				PRODUCT_BUNDLE_IDENTIFIER = com.patalin.ToDo;
				PRODUCT_NAME = "$(TARGET_NAME)";
				SWIFT_VERSION = 5.0;
				TARGETED_DEVICE_FAMILY = "1,2";
			};
			name = Debug;
		};
		A0F9A408235F10E500D0887D /* Release */ = {
			isa = XCBuildConfiguration;
			baseConfigurationReference = 9233BDF40D15040ABC3E2662 /* Pods-ToDo.release.xcconfig */;
			buildSettings = {
				ASSETCATALOG_COMPILER_APPICON_NAME = AppIcon;
				CODE_SIGN_STYLE = Automatic;
				DEVELOPMENT_TEAM = SW2SQVJ73C;
				INFOPLIST_FILE = ToDo/Info.plist;
				LD_RUNPATH_SEARCH_PATHS = (
					"$(inherited)",
					"@executable_path/Frameworks",
				);
				PRODUCT_BUNDLE_IDENTIFIER = com.patalin.ToDo;
				PRODUCT_NAME = "$(TARGET_NAME)";
				SWIFT_VERSION = 5.0;
				TARGETED_DEVICE_FAMILY = "1,2";
			};
			name = Release;
		};
/* End XCBuildConfiguration section */

/* Begin XCConfigurationList section */
		A0F9A3ED235F10E400D0887D /* Build configuration list for PBXProject "ToDo" */ = {
			isa = XCConfigurationList;
			buildConfigurations = (
				A0F9A404235F10E500D0887D /* Debug */,
				A0F9A405235F10E500D0887D /* Release */,
			);
			defaultConfigurationIsVisible = 0;
			defaultConfigurationName = Release;
		};
		A0F9A406235F10E500D0887D /* Build configuration list for PBXNativeTarget "ToDo" */ = {
			isa = XCConfigurationList;
			buildConfigurations = (
				A0F9A407235F10E500D0887D /* Debug */,
				A0F9A408235F10E500D0887D /* Release */,
			);
			defaultConfigurationIsVisible = 0;
			defaultConfigurationName = Release;
		};
/* End XCConfigurationList section */

/* Begin XCVersionGroup section */
		A0B7674523607887000A300D /* DataModel.xcdatamodeld */ = {
			isa = XCVersionGroup;
			children = (
				A0B7674623607887000A300D /* DataModel.xcdatamodel */,
			);
			currentVersion = A0B7674623607887000A300D /* DataModel.xcdatamodel */;
			path = DataModel.xcdatamodeld;
			sourceTree = "<group>";
			versionGroupType = wrapper.xcdatamodel;
		};
/* End XCVersionGroup section */
	};
	rootObject = A0F9A3EA235F10E400D0887D /* Project object */;
}
